// !$*UTF8*$!
{
	archiveVersion = 1;
	classes = {
	};
	objectVersion = 55;
	objects = {

/* Begin PBXBuildFile section */
		0D4289FB27FD8435004C66A2 /* AppDelegate.swift in Sources */ = {isa = PBXBuildFile; fileRef = 0D4289FA27FD8435004C66A2 /* AppDelegate.swift */; };
		0D4289FD27FD8435004C66A2 /* SceneDelegate.swift in Sources */ = {isa = PBXBuildFile; fileRef = 0D4289FC27FD8435004C66A2 /* SceneDelegate.swift */; };
		0D4289FF27FD8435004C66A2 /* ViewController.swift in Sources */ = {isa = PBXBuildFile; fileRef = 0D4289FE27FD8435004C66A2 /* ViewController.swift */; };
		0D428A0227FD8435004C66A2 /* Main.storyboard in Resources */ = {isa = PBXBuildFile; fileRef = 0D428A0027FD8435004C66A2 /* Main.storyboard */; };
		0D428A0427FD8437004C66A2 /* Assets.xcassets in Resources */ = {isa = PBXBuildFile; fileRef = 0D428A0327FD8437004C66A2 /* Assets.xcassets */; };
		0D428A0727FD8437004C66A2 /* LaunchScreen.storyboard in Resources */ = {isa = PBXBuildFile; fileRef = 0D428A0527FD8437004C66A2 /* LaunchScreen.storyboard */; };
		0D55C94627FD8A4100949AC0 /* task.swift in Sources */ = {isa = PBXBuildFile; fileRef = 0D55C94527FD8A4100949AC0 /* task.swift */; };
		0D55C94827FD8CCB00949AC0 /* AddTaskViewController.swift in Sources */ = {isa = PBXBuildFile; fileRef = 0D55C94727FD8CCB00949AC0 /* AddTaskViewController.swift */; };
		0D55C94A27FD906500949AC0 /* TodoViewModel.swift in Sources */ = {isa = PBXBuildFile; fileRef = 0D55C94927FD906500949AC0 /* TodoViewModel.swift */; };
		0D7B002427FDA37500C65FE6 /* EditTaskViewController.swift in Sources */ = {isa = PBXBuildFile; fileRef = 0D7B002327FDA37400C65FE6 /* EditTaskViewController.swift */; };
		F04341E7F708574C1F01FA04 /* Pods_Todo_App.framework in Frameworks */ = {isa = PBXBuildFile; fileRef = 46D97185081A4FEC82670D71 /* Pods_Todo_App.framework */; };
/* End PBXBuildFile section */

/* Begin PBXFileReference section */
		0D4289F727FD8435004C66A2 /* Todo App.app */ = {isa = PBXFileReference; explicitFileType = wrapper.application; includeInIndex = 0; path = "Todo App.app"; sourceTree = BUILT_PRODUCTS_DIR; };
		0D4289FA27FD8435004C66A2 /* AppDelegate.swift */ = {isa = PBXFileReference; lastKnownFileType = sourcecode.swift; path = AppDelegate.swift; sourceTree = "<group>"; };
		0D4289FC27FD8435004C66A2 /* SceneDelegate.swift */ = {isa = PBXFileReference; lastKnownFileType = sourcecode.swift; path = SceneDelegate.swift; sourceTree = "<group>"; };
		0D4289FE27FD8435004C66A2 /* ViewController.swift */ = {isa = PBXFileReference; lastKnownFileType = sourcecode.swift; path = ViewController.swift; sourceTree = "<group>"; };
		0D428A0127FD8435004C66A2 /* Base */ = {isa = PBXFileReference; lastKnownFileType = file.storyboard; name = Base; path = Base.lproj/Main.storyboard; sourceTree = "<group>"; };
		0D428A0327FD8437004C66A2 /* Assets.xcassets */ = {isa = PBXFileReference; lastKnownFileType = folder.assetcatalog; path = Assets.xcassets; sourceTree = "<group>"; };
		0D428A0627FD8437004C66A2 /* Base */ = {isa = PBXFileReference; lastKnownFileType = file.storyboard; name = Base; path = Base.lproj/LaunchScreen.storyboard; sourceTree = "<group>"; };
		0D428A0827FD8437004C66A2 /* Info.plist */ = {isa = PBXFileReference; lastKnownFileType = text.plist.xml; path = Info.plist; sourceTree = "<group>"; };
		0D55C94527FD8A4100949AC0 /* task.swift */ = {isa = PBXFileReference; lastKnownFileType = sourcecode.swift; path = task.swift; sourceTree = "<group>"; };
		0D55C94727FD8CCB00949AC0 /* AddTaskViewController.swift */ = {isa = PBXFileReference; lastKnownFileType = sourcecode.swift; path = AddTaskViewController.swift; sourceTree = "<group>"; };
		0D55C94927FD906500949AC0 /* TodoViewModel.swift */ = {isa = PBXFileReference; lastKnownFileType = sourcecode.swift; path = TodoViewModel.swift; sourceTree = "<group>"; };
		0D7B002327FDA37400C65FE6 /* EditTaskViewController.swift */ = {isa = PBXFileReference; lastKnownFileType = sourcecode.swift; path = EditTaskViewController.swift; sourceTree = "<group>"; };
		46D97185081A4FEC82670D71 /* Pods_Todo_App.framework */ = {isa = PBXFileReference; explicitFileType = wrapper.framework; includeInIndex = 0; path = Pods_Todo_App.framework; sourceTree = BUILT_PRODUCTS_DIR; };
		79F24565DF68D87C6715D642 /* Pods-Todo App.debug.xcconfig */ = {isa = PBXFileReference; includeInIndex = 1; lastKnownFileType = text.xcconfig; name = "Pods-Todo App.debug.xcconfig"; path = "Target Support Files/Pods-Todo App/Pods-Todo App.debug.xcconfig"; sourceTree = "<group>"; };
		882A1BDA6A25CF41762E6AFE /* Pods-Todo App.release.xcconfig */ = {isa = PBXFileReference; includeInIndex = 1; lastKnownFileType = text.xcconfig; name = "Pods-Todo App.release.xcconfig"; path = "Target Support Files/Pods-Todo App/Pods-Todo App.release.xcconfig"; sourceTree = "<group>"; };
/* End PBXFileReference section */

/* Begin PBXFrameworksBuildPhase section */
		0D4289F427FD8435004C66A2 /* Frameworks */ = {
			isa = PBXFrameworksBuildPhase;
			buildActionMask = 2147483647;
			files = (
				F04341E7F708574C1F01FA04 /* Pods_Todo_App.framework in Frameworks */,
			);
			runOnlyForDeploymentPostprocessing = 0;
		};
/* End PBXFrameworksBuildPhase section */

/* Begin PBXGroup section */
		000651F6507C925695C76EAF /* Pods */ = {
			isa = PBXGroup;
			children = (
				79F24565DF68D87C6715D642 /* Pods-Todo App.debug.xcconfig */,
				882A1BDA6A25CF41762E6AFE /* Pods-Todo App.release.xcconfig */,
			);
			path = Pods;
			sourceTree = "<group>";
		};
		0D4289EE27FD8435004C66A2 = {
			isa = PBXGroup;
			children = (
				0D4289F927FD8435004C66A2 /* Todo App */,
				0D4289F827FD8435004C66A2 /* Products */,
				000651F6507C925695C76EAF /* Pods */,
				5554A7F570C502C9EF21474D /* Frameworks */,
			);
			sourceTree = "<group>";
		};
		0D4289F827FD8435004C66A2 /* Products */ = {
			isa = PBXGroup;
			children = (
				0D4289F727FD8435004C66A2 /* Todo App.app */,
			);
			name = Products;
			sourceTree = "<group>";
		};
		0D4289F927FD8435004C66A2 /* Todo App */ = {
			isa = PBXGroup;
			children = (
				0D428A1027FD8624004C66A2 /* Models */,
				0D428A0F27FD861C004C66A2 /* ViewModels */,
				0D428A0E27FD8614004C66A2 /* View */,
				0D4289FA27FD8435004C66A2 /* AppDelegate.swift */,
				0D4289FC27FD8435004C66A2 /* SceneDelegate.swift */,
				0D428A0027FD8435004C66A2 /* Main.storyboard */,
				0D428A0327FD8437004C66A2 /* Assets.xcassets */,
				0D428A0527FD8437004C66A2 /* LaunchScreen.storyboard */,
				0D428A0827FD8437004C66A2 /* Info.plist */,
			);
			path = "Todo App";
			sourceTree = "<group>";
		};
		0D428A0E27FD8614004C66A2 /* View */ = {
			isa = PBXGroup;
			children = (
				0D4289FE27FD8435004C66A2 /* ViewController.swift */,
				0D7B002327FDA37400C65FE6 /* EditTaskViewController.swift */,
				0D55C94727FD8CCB00949AC0 /* AddTaskViewController.swift */,
			);
			path = View;
			sourceTree = "<group>";
		};
		0D428A0F27FD861C004C66A2 /* ViewModels */ = {
			isa = PBXGroup;
			children = (
				0D55C94927FD906500949AC0 /* TodoViewModel.swift */,
			);
			path = ViewModels;
			sourceTree = "<group>";
		};
		0D428A1027FD8624004C66A2 /* Models */ = {
			isa = PBXGroup;
			children = (
				0D55C94527FD8A4100949AC0 /* task.swift */,
			);
			path = Models;
			sourceTree = "<group>";
		};
		5554A7F570C502C9EF21474D /* Frameworks */ = {
			isa = PBXGroup;
			children = (
				46D97185081A4FEC82670D71 /* Pods_Todo_App.framework */,
			);
			name = Frameworks;
			sourceTree = "<group>";
		};
/* End PBXGroup section */

/* Begin PBXNativeTarget section */
		0D4289F627FD8435004C66A2 /* Todo App */ = {
			isa = PBXNativeTarget;
			buildConfigurationList = 0D428A0B27FD8437004C66A2 /* Build configuration list for PBXNativeTarget "Todo App" */;
			buildPhases = (
				90F07AC4017DA14497E98E2D /* [CP] Check Pods Manifest.lock */,
				0D4289F327FD8435004C66A2 /* Sources */,
				0D4289F427FD8435004C66A2 /* Frameworks */,
				0D4289F527FD8435004C66A2 /* Resources */,
				ABA186D5012FB9249AD72921 /* [CP] Embed Pods Frameworks */,
			);
			buildRules = (
			);
			dependencies = (
			);
			name = "Todo App";
			productName = "Todo App";
			productReference = 0D4289F727FD8435004C66A2 /* Todo App.app */;
			productType = "com.apple.product-type.application";
		};
/* End PBXNativeTarget section */

/* Begin PBXProject section */
		0D4289EF27FD8435004C66A2 /* Project object */ = {
			isa = PBXProject;
			attributes = {
				BuildIndependentTargetsInParallel = 1;
				LastSwiftUpdateCheck = 1330;
				LastUpgradeCheck = 1330;
				TargetAttributes = {
					0D4289F627FD8435004C66A2 = {
						CreatedOnToolsVersion = 13.3;
					};
				};
			};
			buildConfigurationList = 0D4289F227FD8435004C66A2 /* Build configuration list for PBXProject "Todo App" */;
			compatibilityVersion = "Xcode 13.0";
			developmentRegion = en;
			hasScannedForEncodings = 0;
			knownRegions = (
				en,
				Base,
			);
			mainGroup = 0D4289EE27FD8435004C66A2;
			productRefGroup = 0D4289F827FD8435004C66A2 /* Products */;
			projectDirPath = "";
			projectRoot = "";
			targets = (
				0D4289F627FD8435004C66A2 /* Todo App */,
			);
		};
/* End PBXProject section */

/* Begin PBXResourcesBuildPhase section */
		0D4289F527FD8435004C66A2 /* Resources */ = {
			isa = PBXResourcesBuildPhase;
			buildActionMask = 2147483647;
			files = (
				0D428A0727FD8437004C66A2 /* LaunchScreen.storyboard in Resources */,
				0D428A0427FD8437004C66A2 /* Assets.xcassets in Resources */,
				0D428A0227FD8435004C66A2 /* Main.storyboard in Resources */,
			);
			runOnlyForDeploymentPostprocessing = 0;
		};
/* End PBXResourcesBuildPhase section */

/* Begin PBXShellScriptBuildPhase section */
		90F07AC4017DA14497E98E2D /* [CP] Check Pods Manifest.lock */ = {
			isa = PBXShellScriptBuildPhase;
			buildActionMask = 2147483647;
			files = (
			);
			inputFileListPaths = (
			);
			inputPaths = (
				"${PODS_PODFILE_DIR_PATH}/Podfile.lock",
				"${PODS_ROOT}/Manifest.lock",
			);
			name = "[CP] Check Pods Manifest.lock";
			outputFileListPaths = (
			);
			outputPaths = (
				"$(DERIVED_FILE_DIR)/Pods-Todo App-checkManifestLockResult.txt",
			);
			runOnlyForDeploymentPostprocessing = 0;
			shellPath = /bin/sh;
			shellScript = "diff \"${PODS_PODFILE_DIR_PATH}/Podfile.lock\" \"${PODS_ROOT}/Manifest.lock\" > /dev/null\nif [ $? != 0 ] ; then\n    # print error to STDERR\n    echo \"error: The sandbox is not in sync with the Podfile.lock. Run 'pod install' or update your CocoaPods installation.\" >&2\n    exit 1\nfi\n# This output is used by Xcode 'outputs' to avoid re-running this script phase.\necho \"SUCCESS\" > \"${SCRIPT_OUTPUT_FILE_0}\"\n";
			showEnvVarsInLog = 0;
		};
		ABA186D5012FB9249AD72921 /* [CP] Embed Pods Frameworks */ = {
			isa = PBXShellScriptBuildPhase;
			buildActionMask = 2147483647;
			files = (
			);
			inputFileListPaths = (
				"${PODS_ROOT}/Target Support Files/Pods-Todo App/Pods-Todo App-frameworks-${CONFIGURATION}-input-files.xcfilelist",
			);
			name = "[CP] Embed Pods Frameworks";
			outputFileListPaths = (
				"${PODS_ROOT}/Target Support Files/Pods-Todo App/Pods-Todo App-frameworks-${CONFIGURATION}-output-files.xcfilelist",
			);
			runOnlyForDeploymentPostprocessing = 0;
			shellPath = /bin/sh;
			shellScript = "\"${PODS_ROOT}/Target Support Files/Pods-Todo App/Pods-Todo App-frameworks.sh\"\n";
			showEnvVarsInLog = 0;
		};
/* End PBXShellScriptBuildPhase section */

/* Begin PBXSourcesBuildPhase section */
		0D4289F327FD8435004C66A2 /* Sources */ = {
			isa = PBXSourcesBuildPhase;
			buildActionMask = 2147483647;
			files = (
				0D55C94A27FD906500949AC0 /* TodoViewModel.swift in Sources */,
				0D55C94627FD8A4100949AC0 /* task.swift in Sources */,
				0D4289FF27FD8435004C66A2 /* ViewController.swift in Sources */,
				0D4289FB27FD8435004C66A2 /* AppDelegate.swift in Sources */,
				0D4289FD27FD8435004C66A2 /* SceneDelegate.swift in Sources */,
				0D7B002427FDA37500C65FE6 /* EditTaskViewController.swift in Sources */,
				0D55C94827FD8CCB00949AC0 /* AddTaskViewController.swift in Sources */,
			);
			runOnlyForDeploymentPostprocessing = 0;
		};
/* End PBXSourcesBuildPhase section */

/* Begin PBXVariantGroup section */
		0D428A0027FD8435004C66A2 /* Main.storyboard */ = {
			isa = PBXVariantGroup;
			children = (
				0D428A0127FD8435004C66A2 /* Base */,
			);
			name = Main.storyboard;
			sourceTree = "<group>";
		};
		0D428A0527FD8437004C66A2 /* LaunchScreen.storyboard */ = {
			isa = PBXVariantGroup;
			children = (
				0D428A0627FD8437004C66A2 /* Base */,
			);
			name = LaunchScreen.storyboard;
			sourceTree = "<group>";
		};
/* End PBXVariantGroup section */

/* Begin XCBuildConfiguration section */
		0D428A0927FD8437004C66A2 /* Debug */ = {
			isa = XCBuildConfiguration;
			buildSettings = {
				ALWAYS_SEARCH_USER_PATHS = NO;
				CLANG_ANALYZER_NONNULL = YES;
				CLANG_ANALYZER_NUMBER_OBJECT_CONVERSION = YES_AGGRESSIVE;
				CLANG_CXX_LANGUAGE_STANDARD = "gnu++17";
				CLANG_ENABLE_MODULES = YES;
				CLANG_ENABLE_OBJC_ARC = YES;
				CLANG_ENABLE_OBJC_WEAK = YES;
				CLANG_WARN_BLOCK_CAPTURE_AUTORELEASING = YES;
				CLANG_WARN_BOOL_CONVERSION = YES;
				CLANG_WARN_COMMA = YES;
				CLANG_WARN_CONSTANT_CONVERSION = YES;
				CLANG_WARN_DEPRECATED_OBJC_IMPLEMENTATIONS = YES;
				CLANG_WARN_DIRECT_OBJC_ISA_USAGE = YES_ERROR;
				CLANG_WARN_DOCUMENTATION_COMMENTS = YES;
				CLANG_WARN_EMPTY_BODY = YES;
				CLANG_WARN_ENUM_CONVERSION = YES;
				CLANG_WARN_INFINITE_RECURSION = YES;
				CLANG_WARN_INT_CONVERSION = YES;
				CLANG_WARN_NON_LITERAL_NULL_CONVERSION = YES;
				CLANG_WARN_OBJC_IMPLICIT_RETAIN_SELF = YES;
				CLANG_WARN_OBJC_LITERAL_CONVERSION = YES;
				CLANG_WARN_OBJC_ROOT_CLASS = YES_ERROR;
				CLANG_WARN_QUOTED_INCLUDE_IN_FRAMEWORK_HEADER = YES;
				CLANG_WARN_RANGE_LOOP_ANALYSIS = YES;
				CLANG_WARN_STRICT_PROTOTYPES = YES;
				CLANG_WARN_SUSPICIOUS_MOVE = YES;
				CLANG_WARN_UNGUARDED_AVAILABILITY = YES_AGGRESSIVE;
				CLANG_WARN_UNREACHABLE_CODE = YES;
				CLANG_WARN__DUPLICATE_METHOD_MATCH = YES;
				COPY_PHASE_STRIP = NO;
				DEBUG_INFORMATION_FORMAT = dwarf;
				ENABLE_STRICT_OBJC_MSGSEND = YES;
				ENABLE_TESTABILITY = YES;
				GCC_C_LANGUAGE_STANDARD = gnu11;
				GCC_DYNAMIC_NO_PIC = NO;
				GCC_NO_COMMON_BLOCKS = YES;
				GCC_OPTIMIZATION_LEVEL = 0;
				GCC_PREPROCESSOR_DEFINITIONS = (
					"DEBUG=1",
					"$(inherited)",
				);
				GCC_WARN_64_TO_32_BIT_CONVERSION = YES;
				GCC_WARN_ABOUT_RETURN_TYPE = YES_ERROR;
				GCC_WARN_UNDECLARED_SELECTOR = YES;
				GCC_WARN_UNINITIALIZED_AUTOS = YES_AGGRESSIVE;
				GCC_WARN_UNUSED_FUNCTION = YES;
				GCC_WARN_UNUSED_VARIABLE = YES;
				IPHONEOS_DEPLOYMENT_TARGET = 15.4;
				MTL_ENABLE_DEBUG_INFO = INCLUDE_SOURCE;
				MTL_FAST_MATH = YES;
				ONLY_ACTIVE_ARCH = YES;
				SDKROOT = iphoneos;
				SWIFT_ACTIVE_COMPILATION_CONDITIONS = DEBUG;
				SWIFT_OPTIMIZATION_LEVEL = "-Onone";
			};
			name = Debug;
		};
		0D428A0A27FD8437004C66A2 /* Release */ = {
			isa = XCBuildConfiguration;
			buildSettings = {
				ALWAYS_SEARCH_USER_PATHS = NO;
				CLANG_ANALYZER_NONNULL = YES;
				CLANG_ANALYZER_NUMBER_OBJECT_CONVERSION = YES_AGGRESSIVE;
				CLANG_CXX_LANGUAGE_STANDARD = "gnu++17";
				CLANG_ENABLE_MODULES = YES;
				CLANG_ENABLE_OBJC_ARC = YES;
				CLANG_ENABLE_OBJC_WEAK = YES;
				CLANG_WARN_BLOCK_CAPTURE_AUTORELEASING = YES;
				CLANG_WARN_BOOL_CONVERSION = YES;
				CLANG_WARN_COMMA = YES;
				CLANG_WARN_CONSTANT_CONVERSION = YES;
				CLANG_WARN_DEPRECATED_OBJC_IMPLEMENTATIONS = YES;
				CLANG_WARN_DIRECT_OBJC_ISA_USAGE = YES_ERROR;
				CLANG_WARN_DOCUMENTATION_COMMENTS = YES;
				CLANG_WARN_EMPTY_BODY = YES;
				CLANG_WARN_ENUM_CONVERSION = YES;
				CLANG_WARN_INFINITE_RECURSION = YES;
				CLANG_WARN_INT_CONVERSION = YES;
				CLANG_WARN_NON_LITERAL_NULL_CONVERSION = YES;
				CLANG_WARN_OBJC_IMPLICIT_RETAIN_SELF = YES;
				CLANG_WARN_OBJC_LITERAL_CONVERSION = YES;
				CLANG_WARN_OBJC_ROOT_CLASS = YES_ERROR;
				CLANG_WARN_QUOTED_INCLUDE_IN_FRAMEWORK_HEADER = YES;
				CLANG_WARN_RANGE_LOOP_ANALYSIS = YES;
				CLANG_WARN_STRICT_PROTOTYPES = YES;
				CLANG_WARN_SUSPICIOUS_MOVE = YES;
				CLANG_WARN_UNGUARDED_AVAILABILITY = YES_AGGRESSIVE;
				CLANG_WARN_UNREACHABLE_CODE = YES;
				CLANG_WARN__DUPLICATE_METHOD_MATCH = YES;
				COPY_PHASE_STRIP = NO;
				DEBUG_INFORMATION_FORMAT = "dwarf-with-dsym";
				ENABLE_NS_ASSERTIONS = NO;
				ENABLE_STRICT_OBJC_MSGSEND = YES;
				GCC_C_LANGUAGE_STANDARD = gnu11;
				GCC_NO_COMMON_BLOCKS = YES;
				GCC_WARN_64_TO_32_BIT_CONVERSION = YES;
				GCC_WARN_ABOUT_RETURN_TYPE = YES_ERROR;
				GCC_WARN_UNDECLARED_SELECTOR = YES;
				GCC_WARN_UNINITIALIZED_AUTOS = YES_AGGRESSIVE;
				GCC_WARN_UNUSED_FUNCTION = YES;
				GCC_WARN_UNUSED_VARIABLE = YES;
				IPHONEOS_DEPLOYMENT_TARGET = 15.4;
				MTL_ENABLE_DEBUG_INFO = NO;
				MTL_FAST_MATH = YES;
				SDKROOT = iphoneos;
				SWIFT_COMPILATION_MODE = wholemodule;
				SWIFT_OPTIMIZATION_LEVEL = "-O";
				VALIDATE_PRODUCT = YES;
			};
			name = Release;
		};
		0D428A0C27FD8437004C66A2 /* Debug */ = {
			isa = XCBuildConfiguration;
			baseConfigurationReference = 79F24565DF68D87C6715D642 /* Pods-Todo App.debug.xcconfig */;
			buildSettings = {
				ASSETCATALOG_COMPILER_APPICON_NAME = AppIcon;
				ASSETCATALOG_COMPILER_GLOBAL_ACCENT_COLOR_NAME = AccentColor;
				CODE_SIGN_IDENTITY = "Apple Development";
				CODE_SIGN_STYLE = Automatic;
				CURRENT_PROJECT_VERSION = 1;
				DEVELOPMENT_TEAM = 87VXJAKC7Y;
				GENERATE_INFOPLIST_FILE = YES;
				INFOPLIST_FILE = "Todo App/Info.plist";
				INFOPLIST_KEY_UIApplicationSupportsIndirectInputEvents = YES;
				INFOPLIST_KEY_UILaunchStoryboardName = LaunchScreen;
				INFOPLIST_KEY_UIMainStoryboardFile = Main;
				INFOPLIST_KEY_UIRequiresFullScreen = NO;
				INFOPLIST_KEY_UIStatusBarHidden = NO;
				INFOPLIST_KEY_UISupportedInterfaceOrientations = "";
				INFOPLIST_KEY_UISupportedInterfaceOrientations_iPad = "UIInterfaceOrientationPortrait UIInterfaceOrientationPortraitUpsideDown UIInterfaceOrientationLandscapeLeft UIInterfaceOrientationLandscapeRight";
				INFOPLIST_KEY_UISupportedInterfaceOrientations_iPhone = "UIInterfaceOrientationPortrait UIInterfaceOrientationLandscapeLeft UIInterfaceOrientationLandscapeRight";
				LD_RUNPATH_SEARCH_PATHS = (
					"$(inherited)",
					"@executable_path/Frameworks",
				);
				MARKETING_VERSION = 1.0;
				PRODUCT_BUNDLE_IDENTIFIER = "com.vmo.Todo-App";
				PRODUCT_NAME = "$(TARGET_NAME)";
				PROVISIONING_PROFILE_SPECIFIER = "";
				SWIFT_EMIT_LOC_STRINGS = YES;
				SWIFT_VERSION = 5.0;
				TARGETED_DEVICE_FAMILY = "1,2";
			};
			name = Debug;
		};
		0D428A0D27FD8437004C66A2 /* Release */ = {
			isa = XCBuildConfiguration;
			baseConfigurationReference = 882A1BDA6A25CF41762E6AFE /* Pods-Todo App.release.xcconfig */;
			buildSettings = {
				ASSETCATALOG_COMPILER_APPICON_NAME = AppIcon;
				ASSETCATALOG_COMPILER_GLOBAL_ACCENT_COLOR_NAME = AccentColor;
				CODE_SIGN_IDENTITY = "Apple Development";
				CODE_SIGN_STYLE = Automatic;
				CURRENT_PROJECT_VERSION = 1;
				DEVELOPMENT_TEAM = 87VXJAKC7Y;
				GENERATE_INFOPLIST_FILE = YES;
				INFOPLIST_FILE = "Todo App/Info.plist";
				INFOPLIST_KEY_UIApplicationSupportsIndirectInputEvents = YES;
				INFOPLIST_KEY_UILaunchStoryboardName = LaunchScreen;
				INFOPLIST_KEY_UIMainStoryboardFile = Main;
				INFOPLIST_KEY_UIRequiresFullScreen = NO;
				INFOPLIST_KEY_UIStatusBarHidden = NO;
				INFOPLIST_KEY_UISupportedInterfaceOrientations = "";
				INFOPLIST_KEY_UISupportedInterfaceOrientations_iPad = "UIInterfaceOrientationPortrait UIInterfaceOrientationPortraitUpsideDown UIInterfaceOrientationLandscapeLeft UIInterfaceOrientationLandscapeRight";
				INFOPLIST_KEY_UISupportedInterfaceOrientations_iPhone = "UIInterfaceOrientationPortrait UIInterfaceOrientationLandscapeLeft UIInterfaceOrientationLandscapeRight";
				LD_RUNPATH_SEARCH_PATHS = (
					"$(inherited)",
					"@executable_path/Frameworks",
				);
				MARKETING_VERSION = 1.0;
				PRODUCT_BUNDLE_IDENTIFIER = "com.vmo.Todo-App";
				PRODUCT_NAME = "$(TARGET_NAME)";
				PROVISIONING_PROFILE_SPECIFIER = "";
				SWIFT_EMIT_LOC_STRINGS = YES;
				SWIFT_VERSION = 5.0;
				TARGETED_DEVICE_FAMILY = "1,2";
			};
			name = Release;
		};
/* End XCBuildConfiguration section */

/* Begin XCConfigurationList section */
		0D4289F227FD8435004C66A2 /* Build configuration list for PBXProject "Todo App" */ = {
			isa = XCConfigurationList;
			buildConfigurations = (
				0D428A0927FD8437004C66A2 /* Debug */,
				0D428A0A27FD8437004C66A2 /* Release */,
			);
			defaultConfigurationIsVisible = 0;
			defaultConfigurationName = Release;
		};
		0D428A0B27FD8437004C66A2 /* Build configuration list for PBXNativeTarget "Todo App" */ = {
			isa = XCConfigurationList;
			buildConfigurations = (
				0D428A0C27FD8437004C66A2 /* Debug */,
				0D428A0D27FD8437004C66A2 /* Release */,
			);
			defaultConfigurationIsVisible = 0;
			defaultConfigurationName = Release;
		};
/* End XCConfigurationList section */
	};
	rootObject = 0D4289EF27FD8435004C66A2 /* Project object */;
}
